
Microsoft Visual Studio Solution File, Format Version 12.00
Project("{FAE04EC0-301F-11D3-BF4B-00C04F79EFBC}") = "RpnCalculator", "RpnCalculator\RpnCalculator.csproj", "{2C292C0D-3940-4AD3-BACA-FEF8F7AD8328}"
EndProject
Project("{FAE04EC0-301F-11D3-BF4B-00C04F79EFBC}") = "RpnCalculator.Core", "RpnCalculator.Core\RpnCalculator.Core.csproj", "{1CE5B64B-2D04-4CE6-BF56-C300688B5BFD}"
EndProject
Project("{FAE04EC0-301F-11D3-BF4B-00C04F79EFBC}") = "RpnCalculator.Tests", "RpnCalculator.Tests\RpnCalculator.Tests.csproj", "{5109D1B6-1607-4F69-AB0F-BD02E96E458F}"
EndProject
Global
	GlobalSection(SolutionConfigurationPlatforms) = preSolution
		Debug|Any CPU = Debug|Any CPU
		Release|Any CPU = Release|Any CPU
	EndGlobalSection
	GlobalSection(ProjectConfigurationPlatforms) = postSolution
		{2C292C0D-3940-4AD3-BACA-FEF8F7AD8328}.Debug|Any CPU.ActiveCfg = Debug|Any CPU
		{2C292C0D-3940-4AD3-BACA-FEF8F7AD8328}.Debug|Any CPU.Build.0 = Debug|Any CPU
		{2C292C0D-3940-4AD3-BACA-FEF8F7AD8328}.Release|Any CPU.ActiveCfg = Release|Any CPU
		{2C292C0D-3940-4AD3-BACA-FEF8F7AD8328}.Release|Any CPU.Build.0 = Release|Any CPU
		{1CE5B64B-2D04-4CE6-BF56-C300688B5BFD}.Debug|Any CPU.ActiveCfg = Debug|Any CPU
		{1CE5B64B-2D04-4CE6-BF56-C300688B5BFD}.Debug|Any CPU.Build.0 = Debug|Any CPU
		{1CE5B64B-2D04-4CE6-BF56-C300688B5BFD}.Release|Any CPU.ActiveCfg = Release|Any CPU
		{1CE5B64B-2D04-4CE6-BF56-C300688B5BFD}.Release|Any CPU.Build.0 = Release|Any CPU
		{5109D1B6-1607-4F69-AB0F-BD02E96E458F}.Debug|Any CPU.ActiveCfg = Debug|Any CPU
		{5109D1B6-1607-4F69-AB0F-BD02E96E458F}.Debug|Any CPU.Build.0 = Debug|Any CPU
		{5109D1B6-1607-4F69-AB0F-BD02E96E458F}.Release|Any CPU.ActiveCfg = Release|Any CPU
		{5109D1B6-1607-4F69-AB0F-BD02E96E458F}.Release|Any CPU.Build.0 = Release|Any CPU
	EndGlobalSection
EndGlobal
